
Microsoft Visual Studio Solution File, Format Version 12.00
# Visual Studio Version 17
VisualStudioVersion = 17.3.32901.215
MinimumVisualStudioVersion = 10.0.40219.1
Project("{FAE04EC0-301F-11D3-BF4B-00C04F79EFBC}") = "Ora10", "Ora10\Ora10.csproj", "{8E9CAB4A-CF32-4452-8F0A-13ECABEB72F7}"
EndProject
Global
	GlobalSection(SolutionConfigurationPlatforms) = preSolution
		Debug|Any CPU = Debug|Any CPU
		Release|Any CPU = Release|Any CPU
	EndGlobalSection
	GlobalSection(ProjectConfigurationPlatforms) = postSolution
		{8E9CAB4A-CF32-4452-8F0A-13ECABEB72F7}.Debug|Any CPU.ActiveCfg = Debug|Any CPU
		{8E9CAB4A-CF32-4452-8F0A-13ECABEB72F7}.Debug|Any CPU.Build.0 = Debug|Any CPU
		{8E9CAB4A-CF32-4452-8F0A-13ECABEB72F7}.Release|Any CPU.ActiveCfg = Release|Any CPU
		{8E9CAB4A-CF32-4452-8F0A-13ECABEB72F7}.Release|Any CPU.Build.0 = Release|Any CPU
	EndGlobalSection
	GlobalSection(SolutionProperties) = preSolution
		HideSolutionNode = FALSE
	EndGlobalSection
	GlobalSection(ExtensibilityGlobals) = postSolution
		SolutionGuid = {8A5B3024-2B29-4B7E-BB31-8EDBE0D09A87}
	EndGlobalSection
EndGlobal
